
Microsoft Visual Studio Solution File, Format Version 12.00
# Visual Studio Version 17
VisualStudioVersion = 17.5.002.0
MinimumVisualStudioVersion = 10.0.40219.1
Project("{9A19103F-16F7-4668-BE54-9A1E7A4F7556}") = "csharp-chat-app", "csharp-chat-app.csproj", "{441217DD-A88B-4889-B45A-E4570EB3C721}"
EndProject
Global
	GlobalSection(SolutionConfigurationPlatforms) = preSolution
		Debug|Any CPU = Debug|Any CPU
		Release|Any CPU = Release|Any CPU
	EndGlobalSection
	GlobalSection(ProjectConfigurationPlatforms) = postSolution
		{441217DD-A88B-4889-B45A-E4570EB3C721}.Debug|Any CPU.ActiveCfg = Debug|Any CPU
		{441217DD-A88B-4889-B45A-E4570EB3C721}.Debug|Any CPU.Build.0 = Debug|Any CPU
		{441217DD-A88B-4889-B45A-E4570EB3C721}.Release|Any CPU.ActiveCfg = Release|Any CPU
		{441217DD-A88B-4889-B45A-E4570EB3C721}.Release|Any CPU.Build.0 = Release|Any CPU
	EndGlobalSection
	GlobalSection(SolutionProperties) = preSolution
		HideSolutionNode = FALSE
	EndGlobalSection
	GlobalSection(ExtensibilityGlobals) = postSolution
		SolutionGuid = {F62BA86C-931F-4112-8932-2EFA692CFC24}
	EndGlobalSection
EndGlobal
